github.com/Microsoft/go-winio v0.6.2 h1:F2VQgta7ecxGYO8k3ZZz3RS8fVIXVxONVUPlNERoyfY=
github.com/Microsoft/go-winio v0.6.2/go.mod h1:yd8OoFMLzJbo9gZq8j5qaps8bJ9aShtEA8Ipt1oGCvU=
github.com/andybalholm/brotli v1.2.0 h1:ukwgCxwYrmACq68yiUqwIWnGY0cTPox/M94sVwToPjQ=
github.com/andybalholm/brotli v1.2.0/go.mod h1:rzTDkvFWvIrjDXZHkuS16NPggd91W3kUSvPlQ1pLaKY=
github.com/bitfield/gotestdox v0.2.2 h1:x6RcPAbBbErKLnapz1QeAlf3ospg8efBsedU93CDsnE=
github.com/bitfield/gotestdox v0.2.2/go.mod h1:D+gwtS0urjBrzguAkTM2wodsTQYFHdpx8eqRJ3N+9pY=
github.com/cenkalti/backoff/v5 v5.0.3 h1:ZN+IMa753KfX5hd8vVaMixjnqRZ3y8CuJKRKj1xcsSM=
github.com/cenkalti/backoff/v5 v5.0.3/go.mod h1:rkhZdG3JZukswDf7f0cwqPNk4K0sa+F97BxZthm/crw=
github.com/cespare/xxhash/v2 v2.3.0 h1:UL815xU9SqsFlibzuggzjXhog7bL6oX9BbNZnL2UFvs=
github.com/cespare/xxhash/v2 v2.3.0/go.mod h1:VGX0DQ3Q6kWi7AoAeZDth3/j3BFtOZR5XLFGgcrjCOs=
github.com/davecgh/go-spew v1.1.0/go.mod h1:J7Y8YcW2NihsgmVo/mv3lAwl/skON4iLHjSsI+c5H38=
github.com/davecgh/go-spew v1.1.1/go.mod h1:J7Y8YcW2NihsgmVo/mv3lAwl/skON4iLHjSsI+c5H38=
github.com/davecgh/go-spew v1.1.2-0.20180830191138-d8f796af33cc h1:U9qPSI2PIWSS1VwoXQT9A3Wy9MM3WgvqSxFWenqJduM=
github.com/davecgh/go-spew v1.1.2-0.20180830191138-d8f796af33cc/go.mod h1:J7Y8YcW2NihsgmVo/mv3lAwl/skON4iLHjSsI+c5H38=
github.com/dlclark/regexp2 v1.12.0 h1:0j4c5qQmnC6XOWNjP3PIXURXN2gWx76rd3KvgdPkCz8=
github.com/dlclark/regexp2 v1.12.0/go.mod h1:DHkYz0B9wPfa6wondMfaivmHpzrQ3v9q8cnmRbL6yW8=
github.com/dnephin/pflag v1.0.7 h1:oxONGlWxhmUct0YzKTgrpQv9AUA1wtPBn7zuSjJqptk=
github.com/dnephin/pflag v1.0.7/go.mod h1:uxE91IoWURlOiTUIA8Mq5ZZkAv3dPUfZNaT80Zm7OQE=
github.com/evanw/esbuild v0.27.2 h1:3xBEws9y/JosfewXMM2qIyHAi+xRo8hVx475hVkJfNg=
github.com/evanw/esbuild v0.27.2/go.mod h1:D2vIQZqV/vIf/VRHtViaUtViZmG7o+kKmlBfVQuRi48=
github.com/fatih/color v1.18.0 h1:S8gINlzdQ840/4pfAwic/ZE0djQEH3wM94VfqLTZcOM=
github.com/fatih/color v1.18.0/go.mod h1:4FelSpRwEGDpQ12mAdzqdOukCy4u8WUtOY6lkT/6HfU=
github.com/felixge/httpsnoop v1.0.4 h1:NFTV2Zj1bL4mc9sqWACXbQFVBBg2W3GPvqp8/ESS2Wg=
github.com/felixge/httpsnoop v1.0.4/go.mod h1:m8KPJKqk1gH5J9DgRY2ASl2lWCfGKXixSwevea8zH2U=
github.com/foxboron/go-tpm-keyfiles v0.0.0-20251226215517-609e4778396f h1:RJ+BDPLSHQO7cSjKBqjPJSbi1qfk9WcsjQDtZiw3dZw=
github.com/foxboron/go-tpm-keyfiles v0.0.0-20251226215517-609e4778396f/go.mod h1:VHbbch/X4roIY22jL1s3qRbZhCiRIgUAF/PdSUcx2io=
github.com/fsnotify/fsnotify v1.4.7/go.mod h1:jwhsz4b93w/PPRr/qN1Yymfu8t87LnFCMoQvtojpjFo=
github.com/fsnotify/fsnotify v1.4.9/go.mod h1:znqG4EE+3YCdAaPaxE2ZRY/06pZUdp0tY4IgpuI1SZQ=
github.com/fsnotify/fsnotify v1.10.1 h1:b0/UzAf9yR5rhf3RPm9gf3ehBPpf0oZKIjtpKrx59Ho=
github.com/fsnotify/fsnotify v1.10.1/go.mod h1:TLheqan6HD6GBK6PrDWyDPBaEV8LspOxvPSjC+bVfgo=
github.com/go-logr/logr v1.2.2/go.mod h1:jdQByPbusPIv2/zmleS9BjJVeZ6kBagPoEUsqbVz/1A=
github.com/go-logr/logr v1.4.3 h1:CjnDlHq8ikf6E492q6eKboGOC0T8CDaOvkHCIg8idEI=
github.com/go-logr/logr v1.4.3/go.mod h1:9T104GzyrTigFIr8wt5mBrctHMim0Nb2HLGrmQ40KvY=
github.com/go-logr/stdr v1.2.2 h1:hSWxHoqTgW2S2qGc0LTAI563KZ5YKYRhT3MFKZMbjag=
github.com/go-logr/stdr v1.2.2/go.mod h1:mMo/vtBO5dYbehREoey6XUKy/eSumjCCveDpRre4VKE=
github.com/go-sourcemap/sourcemap v2.1.4+incompatible h1:a+iTbH5auLKxaNwQFg0B+TCYl6lbukKPc7b5x0n1s6Q=
github.com/go-sourcemap/sourcemap v2.1.4+incompatible/go.mod h1:F8jJfvm2KbVjc5NqelyYJmf/v5J0dwNLS2mL4sNA1Jg=
github.com/go-task/slim-sprig v0.0.0-20210107165309-348f09dbbbc0/go.mod h1:fyg7847qk6SyHyPtNmDHnmrv/HOrqktSC+C9fM+CJOE=
github.com/go-viper/mapstructure/v2 v2.5.0 h1:vM5IJoUAy3d7zRSVtIwQgBj7BiWtMPfmPEgAXnvj1Ro=
github.com/go-viper/mapstructure/v2 v2.5.0/go.mod h1:oJDH3BJKyqBA2TXFhDsKDGDTlndYOZ6rGS0BRZIxGhM=
github.com/gobwas/glob v0.2.3 h1:A4xDbljILXROh+kObIiy5kIaPYD8e96x1tgBhUI5J+Y=
github.com/gobwas/glob v0.2.3/go.mod h1:d3Ez4x06l9bZtSvzIay5+Yzi0fmZzPgnTbPcKjJAkT8=
github.com/golang/protobuf v1.2.0/go.mod h1:6lQm79b+lXiMfvg/cZm0SGofjICqVBUtrP5yJMmIC1U=
github.com/golang/protobuf v1.4.0-rc.1/go.mod h1:ceaxUfeHdC40wWswd/P6IGgMaK3YpKi5j83Wpe3EHw8=
github.com/golang/protobuf v1.4.0-rc.1.0.20200221234624-67d41d38c208/go.mod h1:xKAWHe0F5eneWXFV3EuXVDTCmh+JuBKY0li0aMyXATA=
github.com/golang/protobuf v1.4.0-rc.2/go.mod h1:LlEzMj4AhA7rCAGe4KMBDvJI+AwstrUpVNzEA03Pprs=
github.com/golang/protobuf v1.4.0-rc.4.0.20200313231945-b860323f09d0/go.mod h1:WU3c8KckQ9AFe+yFwt9sWVRKCVIyN9cPHBJSNnbL67w=
github.com/golang/protobuf v1.4.0/go.mod h1:jodUvKwWbYaEsadDk5Fwe5c77LiNKVO9IDvqG2KuDX0=
github.com/golang/protobuf v1.4.2/go.mod h1:oDoupMAO8OvCJWAcko0GGGIgR6R6ocIYbsSw735rRwI=
github.com/golang/protobuf v1.5.4 h1:i7eJL8qZTpSEXOPTxNKhASYpMn+8e5Q6AdndVa1dWek=
github.com/golang/protobuf v1.5.4/go.mod h1:lnTiLA8Wa4RWRcIUkrtSVa5nRhsEGBg48fD6rSs7xps=
github.com/golang/snappy v1.0.0 h1:Oy607GVXHs7RtbggtPBnr2RmDArIsAefDwvrdWvRhGs=
github.com/golang/snappy v1.0.0/go.mod h1:/XxbfmMg8lxefKM7IXC3fBNl/7bRcc72aCRzEWrmP2Q=
github.com/google/go-cmp v0.3.0/go.mod h1:8QqcDgzrUqlUb/G2PQTWiueGozuR1884gddMywk6iLU=
github.com/google/go-cmp v0.3.1/go.mod h1:8QqcDgzrUqlUb/G2PQTWiueGozuR1884gddMywk6iLU=
github.com/google/go-cmp v0.4.0/go.mod h1:v8dTdLbMG2kIc/vJvl+f65V22dbkXbowE6jgT/gNBxE=
github.com/google/go-cmp v0.7.0 h1:wk8382ETsv4JYUZwIsn6YpYiWiBsYLSJiTsyBybVuN8=
github.com/google/go-cmp v0.7.0/go.mod h1:pXiqmnSA92OHEEa9HXL2W4E7lf9JzCmGVUdgjX3N/iU=
github.com/google/go-tpm v0.9.8 h1:slArAR9Ft+1ybZu0lBwpSmpwhRXaa85hWtMinMyRAWo=
github.com/google/go-tpm v0.9.8/go.mod h1:h9jEsEECg7gtLis0upRBQU+GhYVH6jMjrFxI8u6bVUY=
github.com/google/go-tpm-tools v0.4.7 h1:J3ycC8umYxM9A4eF73EofRZu4BxY0jjQnUnkhIBbvws=
github.com/google/go-tpm-tools v0.4.7/go.mod h1:gSyXTZHe3fgbzb6WEGd90QucmsnT1SRdlye82gH8QjQ=
github.com/google/gofuzz v1.0.0/go.mod h1:dBl0BpW6vV/+mYPU4Po3pmUjxk6FQPldtuIdl/M65Eg=
github.com/google/pprof v0.0.0-20251114195745-4902fdda35c8 h1:3DsUAV+VNEQa2CUVLxCY3f87278uWfIDhJnbdvDjvmE=
github.com/google/pprof v0.0.0-20251114195745-4902fdda35c8/go.mod h1:I6V7YzU0XDpsHqbsyrghnFZLO1gwK6NPTNvmetQIk9U=
github.com/google/shlex v0.0.0-20191202100458-e7afc7fbc510 h1:El6M4kTTCOh6aBiKaUGG7oYTSPP8MxqL4YI3kZKwcP4=
github.com/google/shlex v0.0.0-20191202100458-e7afc7fbc510/go.mod h1:pupxD2MaaD3pAXIBCelhxNneeOaAeabZDe5s4K6zSpQ=
github.com/google/uuid v1.6.0 h1:NIvaJDMOsjHA8n1jAhLSgzrAzy1Hgr+hNrb57e+94F0=
github.com/google/uuid v1.6.0/go.mod h1:TIyPZe4MgqvfeYDBFedMoGGpEw/LqOeaOT+nhxU+yHo=
github.com/gorilla/websocket v1.5.3 h1:saDtZ6Pbx/0u+bgYQ3q96pZgCzfhKXGPqt7kZ72aNNg=
github.com/gorilla/websocket v1.5.3/go.mod h1:YR8l580nyteQvAITg2hZ9XVh4b55+EU/adAjf1fMHhE=
github.com/grafana/sobek v0.0.0-20260429085637-a66d4790012b h1:mM/qn1luOrRZHT3G+405JMdCx4mGxeLKpOkVBa5+lFw=
github.com/grafana/sobek v0.0.0-20260429085637-a66d4790012b/go.mod h1:8pB+ag4SAbqtDxh1LNTeUI62/5f8mmEACImwbDHoUC0=
github.com/grpc-ecosystem/grpc-gateway/v2 v2.28.0 h1:HWRh5R2+9EifMyIHV7ZV+MIZqgz+PMpZ14Jynv3O2Zs=
github.com/grpc-ecosystem/grpc-gateway/v2 v2.28.0/go.mod h1:JfhWUomR1baixubs02l85lZYYOm7LV6om4ceouMv45c=
github.com/hashicorp/go-version v1.9.0 h1:CeOIz6k+LoN3qX9Z0tyQrPtiB1DFYRPfCIBtaXPSCnA=
github.com/hashicorp/go-version v1.9.0/go.mod h1:fltr4n8CU8Ke44wwGCBoEymUuxUHl09ZGVZPK5anwXA=
github.com/hashicorp/golang-lru/v2 v2.0.7 h1:a+bsQ5rvGLjzHuww6tVxozPZFVghXaHOwFs4luLUK2k=
github.com/hashicorp/golang-lru/v2 v2.0.7/go.mod h1:QeFd9opnmA6QUJc5vARoKUSoFhyfM2/ZepoAG6RGpeM=
github.com/hpcloud/tail v1.0.0/go.mod h1:ab1qPbhIpdTxEkNHXyeSf5vhxWSCs/tWer42PpOxQnU=
github.com/josharian/intern v1.0.0 h1:vlS4z54oSdjm0bgjRigI+G1HpF+tI+9rE5LLzOg8HmY=
github.com/josharian/intern v1.0.0/go.mod h1:5DoeVV0s6jJacbCEi61lwdGj/aVlrQvzHFFd8Hwg//Y=
github.com/json-iterator/go v1.1.12 h1:PV8peI4a0ysnczrg+LtxykD8LfKY9ML6u2jnxaEnrnM=
github.com/json-iterator/go v1.1.12/go.mod h1:e30LSqwooZae/UwlEbR2852Gd8hjQvJoHmT4TnhNGBo=
github.com/klauspost/compress v1.18.6 h1:2jupLlAwFm95+YDR+NwD2MEfFO9d4z4Prjl1XXDjuao=
github.com/klauspost/compress v1.18.6/go.mod h1:cwPg85FWrGar70rWktvGQj8/hthj3wpl0PGDogxkrSQ=
github.com/knadh/koanf/maps v0.1.2 h1:RBfmAW5CnZT+PJ1CVc1QSJKf4Xu9kxfQgYVQSu8hpbo=
github.com/knadh/koanf/maps v0.1.2/go.mod h1:npD/QZY3V6ghQDdcQzl1W4ICNVTkohC8E73eI2xW4yI=
github.com/knadh/koanf/providers/confmap v1.0.0 h1:mHKLJTE7iXEys6deO5p6olAiZdG5zwp8Aebir+/EaRE=
github.com/knadh/koanf/providers/confmap v1.0.0/go.mod h1:txHYHiI2hAtF0/0sCmcuol4IDcuQbKTybiB1nOcUo1A=
github.com/knadh/koanf/v2 v2.3.4 h1:fnynNSDlujWE+v83hAp8wKr/cdoxHLO0629SN+U8Urc=
github.com/knadh/koanf/v2 v2.3.4/go.mod h1:gRb40VRAbd4iJMYYD5IxZ6hfuopFcXBpc9bbQpZwo28=
github.com/kr/pretty v0.3.1 h1:flRD4NNwYAUpkphVc1HcthR4KEIFJ65n8Mw5qdRn3LE=
github.com/kr/pretty v0.3.1/go.mod h1:hoEshYVHaxMs3cyo3Yncou5ZscifuDolrwPKZanG3xk=
github.com/kr/text v0.2.0 h1:5Nx0Ya0ZqY2ygV366QzturHI13Jq95ApcVaJBhpS+AY=
github.com/kr/text v0.2.0/go.mod h1:eLer722TekiGuMkidMxC/pM04lWEeraHUUmBw8l2grE=
github.com/mailru/easyjson v0.9.1 h1:LbtsOm5WAswyWbvTEOqhypdPeZzHavpZx96/n553mR8=
github.com/mailru/easyjson v0.9.1/go.mod h1:1+xMtQp2MRNVL/V1bOzuP3aP8VNwRW55fQUto+XFtTU=
github.com/mattn/go-colorable v0.1.14 h1:9A9LHSqF/7dyVVX6g0U9cwm9pG3kP9gSzcuIPHPsaIE=
github.com/mattn/go-colorable v0.1.14/go.mod h1:6LmQG8QLFO4G5z1gPvYEzlUgJ2wF+stgPZH1UqBm1s8=
github.com/mattn/go-isatty v0.0.20 h1:xfD0iDuEKnDkl03q4limB+vH+GxLEtL/jb4xVJSWWEY=
github.com/mattn/go-isatty v0.0.20/go.mod h1:W+V8PltTTMOvKvAeJH7IuucS94S2C6jfK/D7dTCTo3Y=
github.com/mccutchen/go-httpbin/v2 v2.20.0 h1:iMUzhdbAcjo9hepfG5W3hz1yWAyxiYlJMzKQtwyGDms=
github.com/mccutchen/go-httpbin/v2 v2.20.0/go.mod h1:GBy5I7XwZ4ZLhT3hcq39I4ikwN9x4QUt6EAxNiR8Jus=
github.com/mitchellh/copystructure v1.2.0 h1:vpKXTN4ewci03Vljg/q9QvCGUDttBOGBIa15WveJJGw=
github.com/mitchellh/copystructure v1.2.0/go.mod h1:qLl+cE2AmVv+CoeAwDPye/v+N2HKCj9FbZEVFJRxO9s=
github.com/mitchellh/reflectwalk v1.0.2 h1:G2LzWKi524PWgd3mLHV8Y5k7s6XUvT0Gef6zxSIeXaQ=
github.com/mitchellh/reflectwalk v1.0.2/go.mod h1:mSTlrgnPZtwu0c4WaC2kGObEpuNDbx0jmZXqmk4esnw=
github.com/modern-go/concurrent v0.0.0-20180228061459-e0a39a4cb421/go.mod h1:6dJC0mAP4ikYIbvyc7fijjWJddQyLn8Ig3JB5CqoB9Q=
github.com/modern-go/concurrent v0.0.0-20180306012644-bacd9c7ef1dd h1:TRLaZ9cD/w8PVh93nsPXa1VrQ6jlwL5oN8l14QlcNfg=
github.com/modern-go/concurrent v0.0.0-20180306012644-bacd9c7ef1dd/go.mod h1:6dJC0mAP4ikYIbvyc7fijjWJddQyLn8Ig3JB5CqoB9Q=
github.com/modern-go/reflect2 v1.0.2/go.mod h1:yWuevngMOJpCy52FWWMvUC8ws7m/LJsjYzDa0/r8luk=
github.com/modern-go/reflect2 v1.0.3-0.20250322232337-35a7c28c31ee h1:W5t00kpgFdJifH4BDsTlE89Zl93FEloxaWZfGcifgq8=
github.com/modern-go/reflect2 v1.0.3-0.20250322232337-35a7c28c31ee/go.mod h1:yWuevngMOJpCy52FWWMvUC8ws7m/LJsjYzDa0/r8luk=
github.com/mstoykov/atlas v0.0.0-20220811071828-388f114305dd h1:AC3N94irbx2kWGA8f/2Ks7EQl2LxKIRQYuT9IJDwgiI=
github.com/mstoykov/atlas v0.0.0-20220811071828-388f114305dd/go.mod h1:9vRHVuLCjoFfE3GT06X0spdOAO+Zzo4AMjdIwUHBvAk=
github.com/mstoykov/envconfig v1.5.0 h1:E2FgWf73BQt0ddgn7aoITkQHmgwAcHup1s//MsS5/f8=
github.com/mstoykov/envconfig v1.5.0/go.mod h1:vk/d9jpexY2Z9Bb0uB4Ndesss1Sr0Z9ZiGUrg5o9VGk=
github.com/nxadm/tail v1.4.4/go.mod h1:kenIhsEOeOJmVchQTgglprH7qJGnHDVpk1VPCcaMI8A=
github.com/nxadm/tail v1.4.8/go.mod h1:+ncqLTQzXmGhMZNUePPaPqPvBxHAIsmXswZKocGu+AU=
github.com/nxadm/tail v1.4.11 h1:8feyoE3OzPrcshW5/MJ4sGESc5cqmGkGCWlco4l0bqY=
github.com/nxadm/tail v1.4.11/go.mod h1:OTaG3NK980DZzxbRq6lEuzgU+mug70nY11sMd4JXXHc=
github.com/onsi/ginkgo v1.6.0/go.mod h1:lLunBs/Ym6LB5Z9jYTR76FiuTmxDTDusOGeTQH+WWjE=
github.com/onsi/ginkgo v1.12.1/go.mod h1:zj2OWP4+oCPe1qIXoGWkgMRwljMUYCdkwsT2108oapk=
github.com/onsi/ginkgo v1.16.5 h1:8xi0RTUf59SOSfEtZMvwTvXYMzG4gV23XVHOZiXNtnE=
github.com/onsi/ginkgo v1.16.5/go.mod h1:+E8gABHa3K6zRBolWtd+ROzc/U5bkGt0FwiG042wbpU=
github.com/onsi/gomega v1.7.1/go.mod h1:XdKZgCCFLUoM/7CFJVPcG8C1xQ1AJ0vpAezJrB7JYyY=
github.com/onsi/gomega v1.10.1/go.mod h1:iN09h71vgCQne3DLsj+A5owkum+a2tYe+TOCB1ybHNo=
github.com/onsi/gomega v1.33.0 h1:snPCflnZrpMsy94p4lXVEkHo12lmPnc3vY5XBbreexE=
github.com/onsi/gomega v1.33.0/go.mod h1:+925n5YtiFsLzzafLUHzVMBpvvRAzrydIBiSIxjX3wY=
github.com/pierrec/lz4/v4 v4.1.26 h1:GrpZw1gZttORinvzBdXPUXATeqlJjqUG/D87TKMnhjY=
github.com/pierrec/lz4/v4 v4.1.26/go.mod h1:EoQMVJgeeEOMsCqCzqFm2O0cJvljX2nGZjcRIPL34O4=
github.com/pmezard/go-difflib v1.0.0/go.mod h1:iKH77koFhYxTK1pcRnkKkqfTogsbg7gZNVY4sRDYZ/4=
github.com/pmezard/go-difflib v1.0.1-0.20181226105442-5d4384ee4fb2 h1:Jamvg5psRIccs7FGNTlIRMkT8wgtp5eCXdBlqhYGL6U=
github.com/pmezard/go-difflib v1.0.1-0.20181226105442-5d4384ee4fb2/go.mod h1:iKH77koFhYxTK1pcRnkKkqfTogsbg7gZNVY4sRDYZ/4=
github.com/rogpeppe/go-internal v1.14.1 h1:UQB4HGPB6osV0SQTLymcB4TgvyWu6ZyliaW0tI/otEQ=
github.com/rogpeppe/go-internal v1.14.1/go.mod h1:MaRKkUm5W0goXpeCfT7UZI6fk/L7L7so1lCWt35ZSgc=
github.com/rs/cors v1.11.1 h1:eU3gRzXLRK57F5rKMGMZURNdIG4EoAmX8k94r9wXWHA=
github.com/rs/cors v1.11.1/go.mod h1:XyqrcTp5zjWr1wsJ8PIRZssZ8b/WMcMf71DJnit4EMU=
github.com/serenize/snaker v0.0.0-20201027110005-a7ad2135616e h1:zWKUYT07mGmVBH+9UgnHXd/ekCK99C8EbDSAt5qsjXE=
github.com/serenize/snaker v0.0.0-20201027110005-a7ad2135616e/go.mod h1:Yow6lPLSAXx2ifx470yD/nUe22Dv5vBvxK/UK9UUTVs=
github.com/sirupsen/logrus v1.9.3 h1:dueUQJ1C2q9oE3F7wvmSGAaVtTmUizReu6fjN8uqzbQ=
github.com/sirupsen/logrus v1.9.3/go.mod h1:naHLuLoDiP4jHNo9R0sCBMtWGeIprob74mVsIT4qYEQ=
github.com/spf13/afero v1.15.0 h1:b/YBCLWAJdFWJTN9cLhiXXcD7mzKn9Dm86dNnfyQw1I=
github.com/spf13/afero v1.15.0/go.mod h1:NC2ByUVxtQs4b3sIUphxK0NioZnmxgyCrfzeuq8lxMg=
github.com/stretchr/objx v0.1.0/go.mod h1:HFkY916IF+rwdDfMAkV7OtwuqBVzrE8GR6GFx+wExME=
github.com/stretchr/testify v1.3.0/go.mod h1:M5WIy9Dh21IEIfnGCwXGc5bZfKNJtfHm1UVUgZn+9EI=
github.com/stretchr/testify v1.5.1/go.mod h1:5W2xD1RspED5o8YsWQXVCued0rvSQ+mT+I5cxcmMvtA=
github.com/stretchr/testify v1.7.0/go.mod h1:6Fq8oRcR53rry900zMqJjRRixrwX3KX962/h/Wwjteg=
github.com/stretchr/testify v1.11.1 h1:7s2iGBzp5EwR7/aIZr8ao5+dra3wiQyKjjFuvgVKu7U=
github.com/stretchr/testify v1.11.1/go.mod h1:wZwfW3scLgRK+23gO65QZefKpKQRnfz6sD981Nm4B6U=
github.com/yuin/goldmark v1.2.1/go.mod h1:3hX8gzYuyVAZsxl0MRgGTJEmQBFcNTphYh9decYSb74=
go.k6.io/k6 v1.7.1 h1:T5EYQPL/GFhw286qsnhjZUekFv3ySujw8TRZfcx+r+I=
go.k6.io/k6 v1.7.1/go.mod h1:cot5/DeS6zPGNOa5AfXPIlzpA1hPVDpfaD6Y6jmVuT4=
go.opentelemetry.io/auto/sdk v1.2.1 h1:jXsnJ4Lmnqd11kwkBV2LgLoFMZKizbCi5fNZ/ipaZ64=
go.opentelemetry.io/auto/sdk v1.2.1/go.mod h1:KRTj+aOaElaLi+wW1kO/DZRXwkF4C5xPbEe3ZiIhN7Y=
go.opentelemetry.io/collector v0.153.0 h1:hXKZdQtwHdUfNwMHfzhg4dANlfv+kgg3RIUYMoXReiA=
go.opentelemetry.io/collector v0.153.0/go.mod h1:OooJNOc1KV5TbAqXoOs5yld2qQQrvcHGHiX4ORjhzFY=
go.opentelemetry.io/collector/client v1.59.0 h1:OzT7FdIiFVWKGU/UPgVDuCQtaI/GwTjLqWVz14IPGTI=
go.opentelemetry.io/collector/client v1.59.0/go.mod h1:1V5wVLhMZIMxeVoRK5AVHXnK2Ozyn6WNtmzMAjIMwY0=
go.opentelemetry.io/collector/component v1.59.0 h1:WtulkwzsdAOM/LE0cH/IiudUgiyb2ueVDDeEh5HsXzo=
go.opentelemetry.io/collector/component v1.59.0/go.mod h1:5eQCM0tS6qbG2XJ6Bt67kgCxuhCbg4csVv6SywyHZ6w=
go.opentelemetry.io/collector/component/componenttest v0.153.0 h1:u6O1l+9PUNnI22k8q4sF9wgLAUyt+y2Ov7xi1yZ+wE4=
go.opentelemetry.io/collector/component/componenttest v0.153.0/go.mod h1:Ym/d5UxnoHmrCI5LsVANBicikNiqtwjk8uWBM+Z4jDM=
go.opentelemetry.io/collector/config/configauth v1.59.0 h1:JxmyiCv9xxyVEmBJQFcVTB0ymtSzOV90g+bChC1sSek=
go.opentelemetry.io/collector/config/configauth v1.59.0/go.mod h1:FMcL9Mr7KoPyGC4rbMm1qLn/8MiEy/sTQHigFQpge84=
go.opentelemetry.io/collector/config/configcompression v1.59.0 h1:uXDvWhm8zKZIFI6bS0wtMb8HwuNLywnO1MLpPPQBcGI=
go.opentelemetry.io/collector/config/configcompression v1.59.0/go.mod h1:SEcE2uFLHHPc/Vi8WCkW5MhOMUwaT321HBdZ3P8x8D0=
go.opentelemetry.io/collector/config/configgrpc v0.153.0 h1:VCwlpFbe1BZqo1xzkJetQvGL1hMeZIFRKRBaN1TtJ/M=
go.opentelemetry.io/collector/config/configgrpc v0.153.0/go.mod h1:ZYx9+38ytDJzIOXxt90Zv4wJNIzY1sTrIy2jjXqG6B0=
go.opentelemetry.io/collector/config/confighttp v0.153.0 h1:hsQIbRghdzTFKU1VoasU4sjL8rxCZiKbxGOcsDCgkmI=
go.opentelemetry.io/collector/config/confighttp v0.153.0/go.mod h1:Cr9qcfOOjUgxDd+U3SfW6kc1ifPeIFo4Bq4SPeaT+pM=
go.opentelemetry.io/collector/config/configmiddleware v1.59.0 h1:v1RKvzh8KZfSCwU1e5ESARg/Yj3TXDAN/viLxE4UVg4=
go.opentelemetry.io/collector/config/configmiddleware v1.59.0/go.mod h1:5Ic7T0GPx03YoCGy/Dn6uYK8QGQL9pJXW+OXrjVXDg8=
go.opentelemetry.io/collector/config/confignet v1.59.0 h1:vcV5YJj6L+vnF7GiGjBynt5xcxteV6RyIeycLEHkNi8=
go.opentelemetry.io/collector/config/confignet v1.59.0/go.mod h1:Op+r1B/DtzXgIuKEL7/JkTqtJdL9veu2uEXvSxH3lks=
go.opentelemetry.io/collector/config/configopaque v1.59.0 h1:32PvJXf3V4P1iUcAmN5E/mIa3+EqLx8/4mOzFU/9CjQ=
go.opentelemetry.io/collector/config/configopaque v1.59.0/go.mod h1:75nru6ahPcZsCOnVqsSomiBKk8n+iCZgUZXlwSdT8Ik=
go.opentelemetry.io/collector/config/configoptional v1.59.0 h1:kP751PU6KMxpw64DTPLD6vNDPjxqNJqFo7fPemu65Lc=
go.opentelemetry.io/collector/config/configoptional v1.59.0/go.mod h1:+TnLr1EMcsR4jJGoBHOCbifgunBjV3rHWNlDWPgBJcE=
go.opentelemetry.io/collector/config/configretry v1.59.0 h1:Y/V2GjMtfU4daUM1ZcjxI1woorK8nop8VBVagJ5HmLc=
go.opentelemetry.io/collector/config/configretry v1.59.0/go.mod h1:1BoQ5SvJT751bqP/5g0VTPLkNgMtvifAr2QqMCVOv2o=
go.opentelemetry.io/collector/config/configtls v1.59.0 h1:ob9OpwDkXgQIKqZ0ITk17D+oLusBK5wXRsOR+/ghmyw=
go.opentelemetry.io/collector/config/configtls v1.59.0/go.mod h1:oAZwCfp651SpN/5aZkHnTcj+ratuvUOHUS4DjmRSxBE=
go.opentelemetry.io/collector/confmap v1.59.0 h1:asxEEiWwNuGfmTVSctYArOTF8jcxYpS4NmPtvvFhNNI=
go.opentelemetry.io/collector/confmap v1.59.0/go.mod h1:X5SjFINrF0cb0hcM8PwnW2z+0L/pHA1H1yPPtm2j0tY=
go.opentelemetry.io/collector/confmap/xconfmap v0.153.0 h1:RSn7C87eBp1iuWip3hX8v9AR8adMze1usJxwumefkq4=
go.opentelemetry.io/collector/confmap/xconfmap v0.153.0/go.mod h1:4SuPyutUiirRqQoPeY+13lLYkOQ2opMQgKvKACnXh1k=
go.opentelemetry.io/collector/consumer v1.59.0 h1:EFDQ8ZTWwHEratWusKgW26W20LeAWdXj235iD9MxpuA=
go.opentelemetry.io/collector/consumer v1.59.0/go.mod h1:wrOSfXkKjzEeHYxhKGukuB9+NFV/CboWwEH1oEXhMtw=
go.opentelemetry.io/collector/consumer/consumererror v0.153.0 h1:x64J2xnSOoOp3yZRWioZ03vNAF19aBioUsRlZ4eC6x8=
go.opentelemetry.io/collector/consumer/consumererror v0.153.0/go.mod h1:5zJ8TYQisuMjWJNaW6S86cHY1rf3DzXOVvsN8pA3Cc8=
go.opentelemetry.io/collector/consumer/consumererror/xconsumererror v0.153.0 h1:9guwnHRTvk/t2xNrS5wlh777iG0gG0sBvID+fE/vTu0=
go.opentelemetry.io/collector/consumer/consumererror/xconsumererror v0.153.0/go.mod h1:geJCjZQLet+YYvUTCTEhTiin9soFnYGuBoCzmkwqjnw=
go.opentelemetry.io/collector/consumer/consumertest v0.153.0 h1:fCqkOWNVK/qipg4SX60zICs3jhKDjcrtF1oxJR6msCk=
go.opentelemetry.io/collector/consumer/consumertest v0.153.0/go.mod h1:YfVqyCrvEfvsbbrpfiH97fITh4vmIBzZT112tUluqx0=
go.opentelemetry.io/collector/consumer/xconsumer v0.153.0 h1:Jt1Aiiq9zDILzppRTEdZXaA830KBjjP1i2kWL+h5br0=
go.opentelemetry.io/collector/consumer/xconsumer v0.153.0/go.mod h1:IzJ/dTOtEUMjY0DYu6kO946u5jbiDDUG8+sLaLhJ+HY=
go.opentelemetry.io/collector/exporter v1.59.0 h1:euVTD79AVw8eSKi/OhX3iLBV/EnY9KFY10z7yCTN7xQ=
go.opentelemetry.io/collector/exporter v1.59.0/go.mod h1:VVpK5byUW0r/ncXT9RltZGlzMp41sZj0i3F8pq9ESCQ=
go.opentelemetry.io/collector/exporter/exporterhelper v0.153.0 h1:PdRWHJIJguacgkMd3EDMDYGeNYAJS9dsTQflj7cCi1Q=
go.opentelemetry.io/collector/exporter/exporterhelper v0.153.0/go.mod h1:T+Pd0Zzlih2g/b2Yl70tA8XRENKv3ssJc/3hNvNuPoo=
go.opentelemetry.io/collector/exporter/exporterhelper/xexporterhelper v0.153.0 h1:/ZCeVxNOZLEt+MGej35gePADgwpuEJmuFaN3qhbknbg=
go.opentelemetry.io/collector/exporter/exporterhelper/xexporterhelper v0.153.0/go.mod h1:+R7sKq9GA5baLSUx1+JaWcI/FMGHMBMT1coDEvy7baM=
go.opentelemetry.io/collector/exporter/exportertest v0.153.0 h1:kXrli6XWylPE7TjkgEhnv3ZnyW5tX8YzPxlsCH3alF0=
go.opentelemetry.io/collector/exporter/exportertest v0.153.0/go.mod h1:nMQIX7zf0eUA3o66WEdFaRouIcVKPJye6NG5FeNBbKs=
go.opentelemetry.io/collector/exporter/otlpexporter v0.153.0 h1:LPlwvexD1bQxO9HqAlh2Nie3NMk7Q+O5o9aK1lzJAgs=
go.opentelemetry.io/collector/exporter/otlpexporter v0.153.0/go.mod h1:Kv5K6g1F3WiAc+CdF4WXarIN251n/XTL+KhS2IpEKTk=
go.opentelemetry.io/collector/exporter/otlphttpexporter v0.153.0 h1:vMuebNgcDb/3rVn/gMAAjs3n05k804A8MSdxrr4491E=
go.opentelemetry.io/collector/exporter/otlphttpexporter v0.153.0/go.mod h1:Kd67hnmR5X7C4Zt31RJSpSfJ6gY6AfoatyGW+JnZemo=
go.opentelemetry.io/collector/exporter/xexporter v0.153.0 h1:u2HeNDQdILoC1mtd76d4pbBTU6WjU2d8g3SKR+iWN4A=
go.opentelemetry.io/collector/exporter/xexporter v0.153.0/go.mod h1:3k51y+RlA8nMm0Y2NXkWtmYBs48ZhYbxHqiecobVUU4=
go.opentelemetry.io/collector/extension v1.59.0 h1:fewl/jU67OT2LePe3xNbYdMog4KruN4TZbvr0haoNFE=
go.opentelemetry.io/collector/extension v1.59.0/go.mod h1:OPhsUCwdQ6Z8k8KXnmxTt6gmsWTBxrkIvL+/SoHiX8Y=
go.opentelemetry.io/collector/extension/extensionauth v1.59.0 h1:Z4VQSf8p3zNJBZtdr3KUzJrFl6ArMQCgbHEc2qiHZXQ=
go.opentelemetry.io/collector/extension/extensionauth v1.59.0/go.mod h1:pn6TIMsbQDDI73ysgqQor6pZLPW3GgKlueJFWIloENI=
go.opentelemetry.io/collector/extension/extensionauth/extensionauthtest v0.153.0 h1:OA/ox3Cnv06imwywfQDZP9vERSrWogtFQniJNsKfJts=
go.opentelemetry.io/collector/extension/extensionauth/extensionauthtest v0.153.0/go.mod h1:bGwGZ2Kh9c3CJK2QbUzAMIH0AzIbI3M1MA5FNuYcbX8=
go.opentelemetry.io/collector/extension/extensionmiddleware v0.153.0 h1:dfRy58RhuypZHy/KPhYOKqIRysdAreJLDDlkfr0TC5I=
go.opentelemetry.io/collector/extension/extensionmiddleware v0.153.0/go.mod h1:1m1+iz6cYOvXty9iHZwo8whRxUYw8F+1JsRQoqCf9r4=
go.opentelemetry.io/collector/extension/extensionmiddleware/extensionmiddlewaretest v0.153.0 h1:5tzIbYqlPPlftEKaWettihciNTRbrzReaWzLSb523L4=
go.opentelemetry.io/collector/extension/extensionmiddleware/extensionmiddlewaretest v0.153.0/go.mod h1:TtauDSMVGFxZ2su5Usw/qJqLXJdO3qUX9C0MRlE72nc=
go.opentelemetry.io/collector/extension/extensiontest v0.153.0 h1:BNE/Bm1lTkJV7ix3T8EXmdjuU5BTCbHMO+L3+fY8B6A=
go.opentelemetry.io/collector/extension/extensiontest v0.153.0/go.mod h1:dPZ2vhJg08/zVwl7BmhzLOaH0vQMkXgvc5rVGJg22IE=
go.opentelemetry.io/collector/extension/xextension v0.153.0 h1:X81P0kRlWc2gXXxb4/XHzSuDTzs0DGOwjUk4trFa8gw=
go.opentelemetry.io/collector/extension/xextension v0.153.0/go.mod h1:4V5uGnqdaUcXQV6HXjs9VF89dq+y7Icex96JCANVur0=
go.opentelemetry.io/collector/featuregate v1.59.0 h1:pu70/9eWRjAjzGnr3VmqwY+k6fmU3esLp15AqxfBBz0=
go.opentelemetry.io/collector/featuregate v1.59.0/go.mod h1:4ga1QBMPEejXXmpyJS8lmaRpknJ3Lb9Bvk6e420bUFU=
go.opentelemetry.io/collector/internal/componentalias v0.153.0 h1:tr5I5hsJPJBbVPGjvOVVPPK4dLR5ZLqVEckuOfnzzMs=
go.opentelemetry.io/collector/internal/componentalias v0.153.0/go.mod h1:tFSKiuWKJJgfxANyVnbKPVZkOF7N0bFXvCxCEgqMKuo=
go.opentelemetry.io/collector/internal/testutil v0.153.0 h1:GJEaPLohao+7wtm08yGf73RGi1rpIHvqzxOb7Xn8sP0=
go.opentelemetry.io/collector/internal/testutil v0.153.0/go.mod h1:Jkjs6rkqs973LqgZ0Fe3zrokQRKULYXPIf4HuqStiEE=
go.opentelemetry.io/collector/pdata v1.59.0 h1:lO1IcaO9+HUVdFh+RATCUG3oTP+uCZzsE7HJ0MjmzRc=
go.opentelemetry.io/collector/pdata v1.59.0/go.mod h1:AH6M14C6qhesnUpcvigkvFMiX9KtdSWQENMBNyNhe7I=
go.opentelemetry.io/collector/pdata/pprofile v0.153.0 h1:IurcS9g28cVrtIvc1oUVN8vSm5j0t79Pd8GZgd1PV28=
go.opentelemetry.io/collector/pdata/pprofile v0.153.0/go.mod h1:nX33dLKrwdoz/FQeIs6JKPeZcS1KbU2VIOwH7K0F05c=
go.opentelemetry.io/collector/pdata/testdata v0.153.0 h1:pO/+b8Rz5PG0G+TskdYdQEjhXnNG2bQoiRRMwic6X0I=
go.opentelemetry.io/collector/pdata/testdata v0.153.0/go.mod h1:JVjUfJv9YFL3JUhisxMdLe2DX7we227Ry9JiTgwlEro=
go.opentelemetry.io/collector/pdata/xpdata v0.153.0 h1:aN+kNiUUMOzmgrMSn/jwUQFSkrCKDc6wzSA3ZYv5+V0=
go.opentelemetry.io/collector/pdata/xpdata v0.153.0/go.mod h1:o3qYgdBimJtEPHefjOrB3WPIHtNenT2lHuHrYBRAPE4=
go.opentelemetry.io/collector/pipeline v1.59.0 h1:AyEcAPy5ZuUFpqis9i97WEIAcFh/mEEo90+1wr4urNU=
go.opentelemetry.io/collector/pipeline v1.59.0/go.mod h1:RD90NG3Jbk965Xaqym3JyHkuol4uZJjQVUkD9ddXJIs=
go.opentelemetry.io/collector/pipeline/xpipeline v0.153.0 h1:b2GvTGxFqcRFHARtU95/pOh9uhdY8TDTcrA5TOy3mhs=
go.opentelemetry.io/collector/pipeline/xpipeline v0.153.0/go.mod h1:EPU4bxOCNAI6Jny7ijUzRNATGNkcTMMBazY+NK2Ifng=
go.opentelemetry.io/collector/receiver v1.59.0 h1:2jf2guECLyWno3OqNaefjfo+Tt3MSm6uz1WsbIXv5Ao=
go.opentelemetry.io/collector/receiver v1.59.0/go.mod h1:rklWFy0kaMMghuGlrTxqYP96V810HwDVwIgKpP6kn2o=
go.opentelemetry.io/collector/receiver/receivertest v0.153.0 h1:YHvywYcyV1G0I5r/J0OxgOJZPLLyrMAMA0Q7VdBYFxc=
go.opentelemetry.io/collector/receiver/receivertest v0.153.0/go.mod h1:Zkf5hQ9qk9ACx/WBMZIaSri6LIJzFgfRxmScigP05tg=
go.opentelemetry.io/collector/receiver/xreceiver v0.153.0 h1:yz6By4iJzOsvl9GxVOXTn0GoSr5ZxOuvk9+24obhqDQ=
go.opentelemetry.io/collector/receiver/xreceiver v0.153.0/go.mod h1:4cM85JHe5weHwUAc60P/vPKU1uLtrhI46lzDOsSpqz4=
go.opentelemetry.io/contrib/instrumentation/google.golang.org/grpc/otelgrpc v0.68.0 h1:0Qx7VGBacMm9ZENQ7TnNObTYI4ShC+lHI16seduaxZo=
go.opentelemetry.io/contrib/instrumentation/google.golang.org/grpc/otelgrpc v0.68.0/go.mod h1:Sje3i3MjSPKTSPvVWCaL8ugBzJwik3u4smCjUeuupqg=
go.opentelemetry.io/contrib/instrumentation/net/http/otelhttp v0.68.0 h1:CqXxU8VOmDefoh0+ztfGaymYbhdB/tT3zs79QaZTNGY=
go.opentelemetry.io/contrib/instrumentation/net/http/otelhttp v0.68.0/go.mod h1:BuhAPThV8PBHBvg8ZzZ/Ok3idOdhWIodywz2xEcRbJo=
go.opentelemetry.io/otel v1.44.0 h1:JjwHmHpA4iZ3wBxluu2fbbE7j4kqlE8jXyAyPXH7HqU=
go.opentelemetry.io/otel v1.44.0/go.mod h1:BMgjTHL9WPRlRjL2oZCBTL4whCGtXch2H4BhOPIAyYc=
go.opentelemetry.io/otel/exporters/otlp/otlptrace v1.43.0 h1:88Y4s2C8oTui1LGM6bTWkw0ICGcOLCAI5l6zsD1j20k=
go.opentelemetry.io/otel/exporters/otlp/otlptrace v1.43.0/go.mod h1:Vl1/iaggsuRlrHf/hfPJPvVag77kKyvrLeD10kpMl+A=
go.opentelemetry.io/otel/exporters/otlp/otlptrace/otlptracegrpc v1.38.0 h1:lwI4Dc5leUqENgGuQImwLo4WnuXFPetmPpkLi2IrX54=
go.opentelemetry.io/otel/exporters/otlp/otlptrace/otlptracegrpc v1.38.0/go.mod h1:Kz/oCE7z5wuyhPxsXDuaPteSWqjSBD5YaSdbxZYGbGk=
go.opentelemetry.io/otel/exporters/otlp/otlptrace/otlptracehttp v1.43.0 h1:3iZJKlCZufyRzPzlQhUIWVmfltrXuGyfjREgGP3UUjc=
go.opentelemetry.io/otel/exporters/otlp/otlptrace/otlptracehttp v1.43.0/go.mod h1:/G+nUPfhq2e+qiXMGxMwumDrP5jtzU+mWN7/sjT2rak=
go.opentelemetry.io/otel/metric v1.44.0 h1:1w0gILTcHdr3YI+ixLyjemwrVnsMURbTZFrSYCdDdmc=
go.opentelemetry.io/otel/metric v1.44.0/go.mod h1:8O7hanEPBNgEMmybD3s2VBKcgWOCsA6tzHBPODAiquo=
go.opentelemetry.io/otel/sdk v1.43.0 h1:pi5mE86i5rTeLXqoF/hhiBtUNcrAGHLKQdhg4h4V9Dg=
go.opentelemetry.io/otel/sdk v1.43.0/go.mod h1:P+IkVU3iWukmiit/Yf9AWvpyRDlUeBaRg6Y+C58QHzg=
go.opentelemetry.io/otel/sdk/metric v1.43.0 h1:S88dyqXjJkuBNLeMcVPRFXpRw2fuwdvfCGLEo89fDkw=
go.opentelemetry.io/otel/sdk/metric v1.43.0/go.mod h1:C/RJtwSEJ5hzTiUz5pXF1kILHStzb9zFlIEe85bhj6A=
go.opentelemetry.io/otel/trace v1.44.0 h1:jxF5CsGYCe74MCRx2X4g7WsY/VBKRqqpNvXlX/6gtIk=
go.opentelemetry.io/otel/trace v1.44.0/go.mod h1:oLl1jrMQAVo6v3GAggN+1VH9VIz9iUSvW53sW1Q8PIE=
go.opentelemetry.io/proto/otlp v1.10.0 h1:IQRWgT5srOCYfiWnpqUYz9CVmbO8bFmKcwYxpuCSL2g=
go.opentelemetry.io/proto/otlp v1.10.0/go.mod h1:/CV4QoCR/S9yaPj8utp3lvQPoqMtxXdzn7ozvvozVqk=
go.opentelemetry.io/proto/slim/otlp v1.10.0 h1:iR97Vs/ZDR+y9TfuP9b1XBtdPWeC+OMslIBmhcLU7jM=
go.opentelemetry.io/proto/slim/otlp v1.10.0/go.mod h1:lV9250stpjYLPNA5viFabIgP2QlUGRT1GdTgAf8SIUk=
go.opentelemetry.io/proto/slim/otlp/collector/profiles/v1development v0.3.0 h1:RUF5rO0hAlgiJt1fzQVzcVs3vZVNHIcMLgOgG4rWNcQ=
go.opentelemetry.io/proto/slim/otlp/collector/profiles/v1development v0.3.0/go.mod h1:I89cynRj8y+383o7tEQVg2SVA6SRgDVIouWPUVXjx0U=
go.opentelemetry.io/proto/slim/otlp/profiles/v1development v0.3.0 h1:CQvJSldHRUN6Z8jsUeYv8J0lXRvygALXIzsmAeCcZE0=
go.opentelemetry.io/proto/slim/otlp/profiles/v1development v0.3.0/go.mod h1:xSQ+mEfJe/GjK1LXEyVOoSI1N9JV9ZI923X5kup43W4=
go.uber.org/goleak v1.3.0 h1:2K3zAYmnTNqV73imy9J1T3WC+gmCePx2hEGkimedGto=
go.uber.org/goleak v1.3.0/go.mod h1:CoHD4mav9JJNrW/WLlf7HGZPjdw8EucARQHekz1X6bE=
go.uber.org/multierr v1.11.0 h1:blXXJkSxSSfBVBlC76pxqeO+LN3aDfLQo+309xJstO0=
go.uber.org/multierr v1.11.0/go.mod h1:20+QtiLqy0Nd6FdQB9TLXag12DsQkrbs3htMFfDN80Y=
go.uber.org/zap v1.28.0 h1:IZzaP1Fv73/T/pBMLk4VutPl36uNC+OSUh3JLG3FIjo=
go.uber.org/zap v1.28.0/go.mod h1:rDLpOi171uODNm/mxFcuYWxDsqWSAVkFdX4XojSKg/Q=
go.yaml.in/yaml/v3 v3.0.4 h1:tfq32ie2Jv2UxXFdLJdh3jXuOzWiL1fo0bu/FbuKpbc=
go.yaml.in/yaml/v3 v3.0.4/go.mod h1:DhzuOOF2ATzADvBadXxruRBLzYTpT36CKvDb3+aBEFg=
golang.org/x/crypto v0.0.0-20190308221718-c2843e01d9a2/go.mod h1:djNgcEr1/C05ACkg1iLfiJU5Ep61QUkGW8qpdssI0+w=
golang.org/x/crypto v0.0.0-20191011191535-87dc89f01550/go.mod h1:yigFU9vqHzYiE8UmvKecakEJjdnWj3jj499lnFckfCI=
golang.org/x/crypto v0.0.0-20200622213623-75b288015ac9/go.mod h1:LzIPMQfyMNhhGPhUkYOs5KpL4U8rLKemX1yGLhDgUto=
golang.org/x/crypto v0.52.0 h1:RMs7fP2rXdep0CftQlK8Uf+kibLm7qkCcradZWYz988=
golang.org/x/crypto v0.52.0/go.mod h1:1QgfPxDqh0T2M/elOJtp9RvuR95kVjir0e6/BvEmGbc=
golang.org/x/mod v0.3.0/go.mod h1:s0Qsj1ACt9ePp/hMypM3fl4fZqREWJwdYDEqhRiZZUA=
golang.org/x/mod v0.35.0 h1:Ww1D637e6Pg+Zb2KrWfHQUnH2dQRLBQyAtpr/haaJeM=
golang.org/x/mod v0.35.0/go.mod h1:+GwiRhIInF8wPm+4AoT6L0FA1QWAad3OMdTRx4tFYlU=
golang.org/x/net v0.0.0-20180906233101-161cd47e91fd/go.mod h1:mL1N/T3taQHkDXs73rZJwtUhF3w3ftmwwsq0BUmARs4=
golang.org/x/net v0.0.0-20190404232315-eb5bcb51f2a3/go.mod h1:t9HGtf8HONx5eT2rtn7q6eTqICYqUVnKs3thJo3Qplg=
golang.org/x/net v0.0.0-20190620200207-3b0461eec859/go.mod h1:z5CRVTTTmAJ677TzLLGU+0bjPO0LkuOLi4/5GtJWs/s=
golang.org/x/net v0.0.0-20200520004742-59133d7f0dd7/go.mod h1:qpuaurCH72eLCgpAm/N6yyVIVM9cpaDIP3A8BGJEC5A=
golang.org/x/net v0.0.0-20201021035429-f5854403a974/go.mod h1:sp8m0HH+o8qH0wwXwYZr8TS3Oi6o0r6Gce1SSxlDquU=
golang.org/x/net v0.55.0 h1:bcvxaJn3e1U6InsFWt1JUq1aSjnRxLzT2rtD2KfkDF8=
golang.org/x/net v0.55.0/go.mod h1:L5U2KuzuOe1lY7Z+aWVIKK6qEeJXnXV9yzGA+WCHJww=
golang.org/x/sync v0.0.0-20180314180146-1d60e4601c6f/go.mod h1:RxMgew5VJxzue5/jJTE5uejpjVlOe/izrB70Jof72aM=
golang.org/x/sync v0.0.0-20190423024810-112230192c58/go.mod h1:RxMgew5VJxzue5/jJTE5uejpjVlOe/izrB70Jof72aM=
golang.org/x/sync v0.0.0-20201020160332-67f06af15bc9/go.mod h1:RxMgew5VJxzue5/jJTE5uejpjVlOe/izrB70Jof72aM=
golang.org/x/sync v0.20.0 h1:e0PTpb7pjO8GAtTs2dQ6jYa5BWYlMuX047Dco/pItO4=
golang.org/x/sync v0.20.0/go.mod h1:9xrNwdLfx4jkKbNva9FpL6vEN7evnE43NNNJQ2LF3+0=
golang.org/x/sys v0.0.0-20180909124046-d0be0721c37e/go.mod h1:STP8DvDyc/dI5b8T5hshtkjS+E42TnysNCUPdjciGhY=
golang.org/x/sys v0.0.0-20190215142949-d0b11bdaac8a/go.mod h1:STP8DvDyc/dI5b8T5hshtkjS+E42TnysNCUPdjciGhY=
golang.org/x/sys v0.0.0-20190412213103-97732733099d/go.mod h1:h1NjWce9XRLGQEsW7wpKNCjG9DtNlClVuFLEZdDNbEs=
golang.org/x/sys v0.0.0-20190904154756-749cb33beabd/go.mod h1:h1NjWce9XRLGQEsW7wpKNCjG9DtNlClVuFLEZdDNbEs=
golang.org/x/sys v0.0.0-20191005200804-aed5e4c7ecf9/go.mod h1:h1NjWce9XRLGQEsW7wpKNCjG9DtNlClVuFLEZdDNbEs=
golang.org/x/sys v0.0.0-20191120155948-bd437916bb0e/go.mod h1:h1NjWce9XRLGQEsW7wpKNCjG9DtNlClVuFLEZdDNbEs=
golang.org/x/sys v0.0.0-20200323222414-85ca7c5b95cd/go.mod h1:h1NjWce9XRLGQEsW7wpKNCjG9DtNlClVuFLEZdDNbEs=
golang.org/x/sys v0.0.0-20200930185726-fdedc70b468f/go.mod h1:h1NjWce9XRLGQEsW7wpKNCjG9DtNlClVuFLEZdDNbEs=
golang.org/x/sys v0.0.0-20210112080510-489259a85091/go.mod h1:h1NjWce9XRLGQEsW7wpKNCjG9DtNlClVuFLEZdDNbEs=
golang.org/x/sys v0.0.0-20220715151400-c0bba94af5f8/go.mod h1:oPkhp1MJrh7nUepCBck5+mAzfO9JrbApNNgaTdGDITg=
golang.org/x/sys v0.6.0/go.mod h1:oPkhp1MJrh7nUepCBck5+mAzfO9JrbApNNgaTdGDITg=
golang.org/x/sys v0.45.0 h1:dO4czNzziLiiXplLQgBCEpCvXQ3dnkn0SdaZSYdQ+FY=
golang.org/x/sys v0.45.0/go.mod h1:4GL1E5IUh+htKOUEOaiffhrAeqysfVGipDYzABqnCmw=
golang.org/x/telemetry v0.0.0-20260409153401-be6f6cb8b1fa h1:efT73AJZfAAUV7SOip6pWGkwJDzIGiKBZGVzHYa+ve4=
golang.org/x/telemetry v0.0.0-20260409153401-be6f6cb8b1fa/go.mod h1:kHjTxDEnAu6/Nl9lDkzjWpR+bmKfxeiRuSDlsMb70gE=
golang.org/x/term v0.43.0 h1:S4RLU2sB31O/NCl+zFN9Aru9A/Cq2aqKpTZJ6B+DwT4=
golang.org/x/term v0.43.0/go.mod h1:lrhlHNdQJHO+1qVYiHfFKVuVioJIheAc3fBSMFYEIsk=
golang.org/x/text v0.3.0/go.mod h1:NqM8EUOU14njkJ3fqMW+pc6Ldnwhi/IjpwHt7yyuwOQ=
golang.org/x/text v0.3.3/go.mod h1:5Zoc/QRtKVWzQhOtBMvqHzDpF6irO9z98xDceosuGiQ=
golang.org/x/text v0.37.0 h1:Cqjiwd9eSg8e0QAkyCaQTNHFIIzWtidPahFWR83rTrc=
golang.org/x/text v0.37.0/go.mod h1:a5sjxXGs9hsn/AJVwuElvCAo9v8QYLzvavO5z2PiM38=
golang.org/x/time v0.14.0 h1:MRx4UaLrDotUKUdCIqzPC48t1Y9hANFKIRpNx+Te8PI=
golang.org/x/time v0.14.0/go.mod h1:eL/Oa2bBBK0TkX57Fyni+NgnyQQN4LitPmob2Hjnqw4=
golang.org/x/tools v0.0.0-20180917221912-90fa682c2a6e/go.mod h1:n7NCudcB/nEzxVGmLbDWY5pfWTLqBcC2KZ6jyYvM4mQ=
golang.org/x/tools v0.0.0-20191119224855-298f0cb1881e/go.mod h1:b+2E5dAYhXwXZwtnZ6UAqBI28+e2cm9otk0dWdXHAEo=
golang.org/x/tools v0.0.0-20201224043029-2b0845dc783e/go.mod h1:emZCQorbCU4vsT4fOWvOPXz4eW1wZW4PmDk9uLelYpA=
golang.org/x/tools v0.44.0 h1:UP4ajHPIcuMjT1GqzDWRlalUEoY+uzoZKnhOjbIPD2c=
golang.org/x/tools v0.44.0/go.mod h1:KA0AfVErSdxRZIsOVipbv3rQhVXTnlU6UhKxHd1seDI=
golang.org/x/xerrors v0.0.0-20190717185122-a985d3407aa7/go.mod h1:I/5z698sn9Ka8TeJc9MKroUUfqBBauWjQqLJ2OPfmY0=
golang.org/x/xerrors v0.0.0-20191011141410-1b5146add898/go.mod h1:I/5z698sn9Ka8TeJc9MKroUUfqBBauWjQqLJ2OPfmY0=
golang.org/x/xerrors v0.0.0-20191204190536-9bdfabe68543/go.mod h1:I/5z698sn9Ka8TeJc9MKroUUfqBBauWjQqLJ2OPfmY0=
golang.org/x/xerrors v0.0.0-20200804184101-5ec99f83aff1/go.mod h1:I/5z698sn9Ka8TeJc9MKroUUfqBBauWjQqLJ2OPfmY0=
gonum.org/v1/gonum v0.17.0 h1:VbpOemQlsSMrYmn7T2OUvQ4dqxQXU+ouZFQsZOx50z4=
gonum.org/v1/gonum v0.17.0/go.mod h1:El3tOrEuMpv2UdMrbNlKEh9vd86bmQ6vqIcDwxEOc1E=
google.golang.org/genproto/googleapis/api v0.0.0-20260401024825-9d38bb4040a9 h1:VPWxll4HlMw1Vs/qXtN7BvhZqsS9cdAittCNvVENElA=
google.golang.org/genproto/googleapis/api v0.0.0-20260401024825-9d38bb4040a9/go.mod h1:7QBABkRtR8z+TEnmXTqIqwJLlzrZKVfAUm7tY3yGv0M=
google.golang.org/genproto/googleapis/rpc v0.0.0-20260406210006-6f92a3bedf2d h1:wT2n40TBqFY6wiwazVK9/iTWbsQrgk5ZfCSVFLO9LQA=
google.golang.org/genproto/googleapis/rpc v0.0.0-20260406210006-6f92a3bedf2d/go.mod h1:4Hqkh8ycfw05ld/3BWL7rJOSfebL2Q+DVDeRgYgxUU8=
google.golang.org/grpc v1.81.1 h1:VnnIIZ88UzOOKLukQi+ImGz8O1Wdp8nAGGnvOfEIWQQ=
google.golang.org/grpc v1.81.1/go.mod h1:xGH9GfzOyMTGIOXBJmXt+BX/V0kcdQbdcuwQ/zNw42I=
google.golang.org/protobuf v0.0.0-20200109180630-ec00e32a8dfd/go.mod h1:DFci5gLYBciE7Vtevhsrf46CRTquxDuWsQurQQe4oz8=
google.golang.org/protobuf v0.0.0-20200221191635-4d8936d0db64/go.mod h1:kwYJMbMJ01Woi6D6+Kah6886xMZcty6N08ah7+eCXa0=
google.golang.org/protobuf v0.0.0-20200228230310-ab0ca4ff8a60/go.mod h1:cfTl7dwQJ+fmap5saPgwCLgHXTUD7jkjRqWcaiX5VyM=
google.golang.org/protobuf v1.20.1-0.20200309200217-e05f789c0967/go.mod h1:A+miEFZTKqfCUM6K7xSMQL9OKL/b6hQv+e19PK+JZNE=
google.golang.org/protobuf v1.21.0/go.mod h1:47Nbq4nVaFHyn7ilMalzfO3qCViNmqZ2kzikPIcrTAo=
google.golang.org/protobuf v1.23.0/go.mod h1:EGpADcykh3NcUnDUJcl1+ZksZNG86OlYog2l/sGQquU=
google.golang.org/protobuf v1.36.11 h1:fV6ZwhNocDyBLK0dj+fg8ektcVegBBuEolpbTQyBNVE=
google.golang.org/protobuf v1.36.11/go.mod h1:HTf+CrKn2C3g5S8VImy6tdcUvCska2kB7j23XfzDpco=
gopkg.in/check.v1 v0.0.0-20161208181325-20d25e280405/go.mod h1:Co6ibVJAznAaIkqp8huTwlJQCZ016jof/cbN4VW5Yz0=
gopkg.in/check.v1 v1.0.0-20201130134442-10cb98267c6c h1:Hei/4ADfdWqJk1ZMxUNpqntNwaWcugrBjAiHlqqRiVk=
gopkg.in/check.v1 v1.0.0-20201130134442-10cb98267c6c/go.mod h1:JHkPIbrfpd72SG/EVd6muEfDQjcINNoR0C8j2r3qZ4Q=
gopkg.in/fsnotify.v1 v1.4.7/go.mod h1:Tz8NjZHkW78fSQdbUxIjBTcgA1z1m8ZHf0WmKUhAMys=
gopkg.in/guregu/null.v3 v3.5.0 h1:xTcasT8ETfMcUHn0zTvIYtQud/9Mx5dJqD554SZct0o=
gopkg.in/guregu/null.v3 v3.5.0/go.mod h1:E4tX2Qe3h7QdL+uZ3a0vqvYwKQsRSQKM5V4YltdgH9Y=
gopkg.in/tomb.v1 v1.0.0-20141024135613-dd632973f1e7 h1:uRGJdciOHaEIrze2W8Q3AKkepLTh2hOroT7a+7czfdQ=
gopkg.in/tomb.v1 v1.0.0-20141024135613-dd632973f1e7/go.mod h1:dt/ZhP58zS4L8KSrWDmTeBkI65Dw0HsyUHuEVlX15mw=
gopkg.in/yaml.v2 v2.2.2/go.mod h1:hI93XBmqTisBFMUTm0b8Fm+jr3Dg1NNxqwp+5A1VGuI=
gopkg.in/yaml.v2 v2.2.4/go.mod h1:hI93XBmqTisBFMUTm0b8Fm+jr3Dg1NNxqwp+5A1VGuI=
gopkg.in/yaml.v2 v2.3.0/go.mod h1:hI93XBmqTisBFMUTm0b8Fm+jr3Dg1NNxqwp+5A1VGuI=
gopkg.in/yaml.v3 v3.0.0-20200313102051-9f266ea9e77c/go.mod h1:K4uyk7z7BCEPqu6E+C64Yfv1cQ7kz7rIZviUmN+EgEM=
gopkg.in/yaml.v3 v3.0.1 h1:fxVm/GzAzEWqLHuvctI91KS9hhNmmWOoWu0XTYJS7CA=
gopkg.in/yaml.v3 v3.0.1/go.mod h1:K4uyk7z7BCEPqu6E+C64Yfv1cQ7kz7rIZviUmN+EgEM=
gotest.tools/gotestsum v1.13.0 h1:+Lh454O9mu9AMG1APV4o0y7oDYKyik/3kBOiCqiEpRo=
gotest.tools/gotestsum v1.13.0/go.mod h1:7f0NS5hFb0dWr4NtcsAsF0y1kzjEFfAil0HiBQJE03Q=
gotest.tools/v3 v3.5.2 h1:7koQfIKdy+I8UTetycgUqXWSDwpgv193Ka+qRsmBY8Q=
gotest.tools/v3 v3.5.2/go.mod h1:LtdLGcnqToBH83WByAAi/wiwSFCArdFIUV/xxN4pcjA=
